
Microsoft Visual Studio Solution File, Format Version 12.00
# Visual Studio Version 16
VisualStudioVersion = 25.0.1705.2
MinimumVisualStudioVersion = 10.0.40219.1
Project("{FAE04EC0-301F-11D3-BF4B-00C04F79EFBC}") = "ConsoleToWeb", "ConsoleToWeb\ConsoleToWeb.csproj", "{4A7DD647-AFD9-4327-824B-776C1B8C79B9}"
EndProject
Project("{FAE04EC0-301F-11D3-BF4B-00C04F79EFBC}") = "WebProj", "WebProj\WebProj.csproj", "{75FD5192-7137-4894-B645-B5C901C58394}"
EndProject
Project("{FAE04EC0-301F-11D3-BF4B-00C04F79EFBC}") = "MVCLearning", "MVCLearning\MVCLearning.csproj", "{0798AEAF-F752-47A5-80AF-2F0C1918158E}"
EndProject
Global
	GlobalSection(SolutionConfigurationPlatforms) = preSolution
		Debug|Any CPU = Debug|Any CPU
		Release|Any CPU = Release|Any CPU
	EndGlobalSection
	GlobalSection(ProjectConfigurationPlatforms) = postSolution
		{4A7DD647-AFD9-4327-824B-776C1B8C79B9}.Debug|Any CPU.ActiveCfg = Debug|Any CPU
		{4A7DD647-AFD9-4327-824B-776C1B8C79B9}.Debug|Any CPU.Build.0 = Debug|Any CPU
		{4A7DD647-AFD9-4327-824B-776C1B8C79B9}.Release|Any CPU.ActiveCfg = Release|Any CPU
		{4A7DD647-AFD9-4327-824B-776C1B8C79B9}.Release|Any CPU.Build.0 = Release|Any CPU
		{75FD5192-7137-4894-B645-B5C901C58394}.Debug|Any CPU.ActiveCfg = Debug|Any CPU
		{75FD5192-7137-4894-B645-B5C901C58394}.Debug|Any CPU.Build.0 = Debug|Any CPU
		{75FD5192-7137-4894-B645-B5C901C58394}.Release|Any CPU.ActiveCfg = Release|Any CPU
		{75FD5192-7137-4894-B645-B5C901C58394}.Release|Any CPU.Build.0 = Release|Any CPU
		{0798AEAF-F752-47A5-80AF-2F0C1918158E}.Debug|Any CPU.ActiveCfg = Debug|Any CPU
		{0798AEAF-F752-47A5-80AF-2F0C1918158E}.Debug|Any CPU.Build.0 = Debug|Any CPU
		{0798AEAF-F752-47A5-80AF-2F0C1918158E}.Release|Any CPU.ActiveCfg = Release|Any CPU
		{0798AEAF-F752-47A5-80AF-2F0C1918158E}.Release|Any CPU.Build.0 = Release|Any CPU
	EndGlobalSection
	GlobalSection(SolutionProperties) = preSolution
		HideSolutionNode = FALSE
	EndGlobalSection
	GlobalSection(ExtensibilityGlobals) = postSolution
		SolutionGuid = {85740C89-0120-4858-BDC4-722830461AB1}
	EndGlobalSection
EndGlobal
